PODS:
  - AsyncSwift (2.0.4)
  - PKHUD (5.0.0)
  - RxSwift (4.1.2)

DEPENDENCIES:
  - AsyncSwift (~> 2.0.4)
  - PKHUD (~> 5.0)
  - RxSwift (~> 4.1.2)

SPEC CHECKSUMS:
  AsyncSwift: 65775a7b32e740609b24969ece3de58723b9dc3e
  PKHUD: 3c001512c6e002091184197a8de7a20420786e3b
  RxSwift: e49536837d9901277638493ea537394d4b55f570

PODFILE CHECKSUM: 75155ac3d752b8b67c19e3eee9c434e6990b38dc

COCOAPODS: 1.4.0
