// !$*UTF8*$!
{
	archiveVersion = 1;
	classes = {
	};
	objectVersion = 48;
	objects = {

/* Begin PBXBuildFile section */
		55F3B7E72DA74BE1A42C848E /* Pods_Faces.framework in Frameworks */ = {isa = PBXBuildFile; fileRef = 9B7301C3F20227D5DF32F999 /* Pods_Faces.framework */; };
		B3234B47203F7D9B0082142A /* AppDelegate.swift in Sources */ = {isa = PBXBuildFile; fileRef = B3234B46203F7D9B0082142A /* AppDelegate.swift */; };
		B3234B49203F7D9B0082142A /* art.scnassets in Resources */ = {isa = PBXBuildFile; fileRef = B3234B48203F7D9B0082142A /* art.scnassets */; };
		B3234B4E203F7D9B0082142A /* Main.storyboard in Resources */ = {isa = PBXBuildFile; fileRef = B3234B4C203F7D9B0082142A /* Main.storyboard */; };
		B3234B53203F7D9B0082142A /* LaunchScreen.storyboard in Resources */ = {isa = PBXBuildFile; fileRef = B3234B51203F7D9B0082142A /* LaunchScreen.storyboard */; };
		B3234B5B203F7E280082142A /* .gitignore in Resources */ = {isa = PBXBuildFile; fileRef = B3234B5A203F7E280082142A /* .gitignore */; };
		B3270CB720409402007A59A7 /* CameraViewController.swift in Sources */ = {isa = PBXBuildFile; fileRef = B3270CB620409402007A59A7 /* CameraViewController.swift */; };
		B3270CBB204094F2007A59A7 /* Face.swift in Sources */ = {isa = PBXBuildFile; fileRef = B3270CBA204094F2007A59A7 /* Face.swift */; };
		B348EAA2206AEA98008D3D72 /* SettingsTableViewController.swift in Sources */ = {isa = PBXBuildFile; fileRef = B348EAA1206AEA98008D3D72 /* SettingsTableViewController.swift */; };
		B349B34720A2DF120091DD2C /* SettingsManager.swift in Sources */ = {isa = PBXBuildFile; fileRef = B349B34620A2DF120091DD2C /* SettingsManager.swift */; };
		B35EF60620548DE200B9CBC5 /* CIImage+FaceDetection.swift in Sources */ = {isa = PBXBuildFile; fileRef = B35EF60520548DE100B9CBC5 /* CIImage+FaceDetection.swift */; };
		B38C51D720591FB40019832B /* SCNVector3+Distance.swift in Sources */ = {isa = PBXBuildFile; fileRef = B38C51D620591FB40019832B /* SCNVector3+Distance.swift */; };
		B38C51DB205920410019832B /* SCNNode+Text.swift in Sources */ = {isa = PBXBuildFile; fileRef = B38C51DA205920410019832B /* SCNNode+Text.swift */; };
		B38F0A29207C0DA800263B3E /* PersonTableViewCell.swift in Sources */ = {isa = PBXBuildFile; fileRef = B38F0A28207C0DA800263B3E /* PersonTableViewCell.swift */; };
		B38F0A2B207C120500263B3E /* ModelManager.swift in Sources */ = {isa = PBXBuildFile; fileRef = B38F0A2A207C120500263B3E /* ModelManager.swift */; };
		B38F0A2D207CBE8000263B3E /* PeopleTableViewController.swift in Sources */ = {isa = PBXBuildFile; fileRef = B38F0A2C207CBE8000263B3E /* PeopleTableViewController.swift */; };
		B395C107206D8847007DC8BF /* Faces.xcdatamodeld in Sources */ = {isa = PBXBuildFile; fileRef = B395C105206D8847007DC8BF /* Faces.xcdatamodeld */; };
		B39ADD05206856FD007462EB /* StartScreenViewController.swift in Sources */ = {isa = PBXBuildFile; fileRef = B39ADD04206856FD007462EB /* StartScreenViewController.swift */; };
		B39ADD0720695EF8007462EB /* CustomAnimationController.swift in Sources */ = {isa = PBXBuildFile; fileRef = B39ADD0620695EF8007462EB /* CustomAnimationController.swift */; };
		B3ADFE9A206E6DE100B9DF28 /* Media.xcassets in Resources */ = {isa = PBXBuildFile; fileRef = B3ADFE99206E6DE100B9DF28 /* Media.xcassets */; };
		B3C7A2E9209CF60F00B8FD86 /* PersonInfoManager.swift in Sources */ = {isa = PBXBuildFile; fileRef = B3C7A2E8209CF60F00B8FD86 /* PersonInfoManager.swift */; };
		B3C7A2EB209CF6F100B8FD86 /* PersonInfo.swift in Sources */ = {isa = PBXBuildFile; fileRef = B3C7A2EA209CF6F100B8FD86 /* PersonInfo.swift */; };
		B3C9E6CD206C10CC00B4EAB5 /* ModelSettingsTableViewController.swift in Sources */ = {isa = PBXBuildFile; fileRef = B3C9E6CC206C10CC00B4EAB5 /* ModelSettingsTableViewController.swift */; };
		B3DA1175208136A6003FDE2F /* AlertController.swift in Sources */ = {isa = PBXBuildFile; fileRef = B3DA1174208136A6003FDE2F /* AlertController.swift */; };
		B3F7877220A399AA00559ABA /* PersonDetailTableViewController.swift in Sources */ = {isa = PBXBuildFile; fileRef = B3F7877120A399AA00559ABA /* PersonDetailTableViewController.swift */; };
/* End PBXBuildFile section */

/* Begin PBXFileReference section */
		4153FBC092FC2F8DA867251D /* Pods-Faces.debug.xcconfig */ = {isa = PBXFileReference; includeInIndex = 1; lastKnownFileType = text.xcconfig; name = "Pods-Faces.debug.xcconfig"; path = "Pods/Target Support Files/Pods-Faces/Pods-Faces.debug.xcconfig"; sourceTree = "<group>"; };
		6DB245EB6BA62F8A04743208 /* Pods-Faces.release.xcconfig */ = {isa = PBXFileReference; includeInIndex = 1; lastKnownFileType = text.xcconfig; name = "Pods-Faces.release.xcconfig"; path = "Pods/Target Support Files/Pods-Faces/Pods-Faces.release.xcconfig"; sourceTree = "<group>"; };
		9B7301C3F20227D5DF32F999 /* Pods_Faces.framework */ = {isa = PBXFileReference; explicitFileType = wrapper.framework; includeInIndex = 0; path = Pods_Faces.framework; sourceTree = BUILT_PRODUCTS_DIR; };
		B3234B43203F7D9B0082142A /* Faces.app */ = {isa = PBXFileReference; explicitFileType = wrapper.application; includeInIndex = 0; path = Faces.app; sourceTree = BUILT_PRODUCTS_DIR; };
		B3234B46203F7D9B0082142A /* AppDelegate.swift */ = {isa = PBXFileReference; lastKnownFileType = sourcecode.swift; path = AppDelegate.swift; sourceTree = "<group>"; };
		B3234B48203F7D9B0082142A /* art.scnassets */ = {isa = PBXFileReference; lastKnownFileType = wrapper.scnassets; path = art.scnassets; sourceTree = "<group>"; };
		B3234B4D203F7D9B0082142A /* Base */ = {isa = PBXFileReference; lastKnownFileType = file.storyboard; name = Base; path = Base.lproj/Main.storyboard; sourceTree = "<group>"; };
		B3234B52203F7D9B0082142A /* Base */ = {isa = PBXFileReference; lastKnownFileType = file.storyboard; name = Base; path = Base.lproj/LaunchScreen.storyboard; sourceTree = "<group>"; };
		B3234B54203F7D9B0082142A /* Info.plist */ = {isa = PBXFileReference; lastKnownFileType = text.plist.xml; path = Info.plist; sourceTree = "<group>"; };
		B3234B5A203F7E280082142A /* .gitignore */ = {isa = PBXFileReference; lastKnownFileType = text; path = .gitignore; sourceTree = "<group>"; };
		B3270CB620409402007A59A7 /* CameraViewController.swift */ = {isa = PBXFileReference; lastKnownFileType = sourcecode.swift; path = CameraViewController.swift; sourceTree = "<group>"; };
		B3270CBA204094F2007A59A7 /* Face.swift */ = {isa = PBXFileReference; lastKnownFileType = sourcecode.swift; path = Face.swift; sourceTree = "<group>"; };
		B348EAA1206AEA98008D3D72 /* SettingsTableViewController.swift */ = {isa = PBXFileReference; lastKnownFileType = sourcecode.swift; path = SettingsTableViewController.swift; sourceTree = "<group>"; };
		B349B34620A2DF120091DD2C /* SettingsManager.swift */ = {isa = PBXFileReference; lastKnownFileType = sourcecode.swift; path = SettingsManager.swift; sourceTree = "<group>"; };
		B35EF60520548DE100B9CBC5 /* CIImage+FaceDetection.swift */ = {isa = PBXFileReference; lastKnownFileType = sourcecode.swift; path = "CIImage+FaceDetection.swift"; sourceTree = "<group>"; };
		B38C51D620591FB40019832B /* SCNVector3+Distance.swift */ = {isa = PBXFileReference; lastKnownFileType = sourcecode.swift; path = "SCNVector3+Distance.swift"; sourceTree = "<group>"; };
		B38C51DA205920410019832B /* SCNNode+Text.swift */ = {isa = PBXFileReference; lastKnownFileType = sourcecode.swift; path = "SCNNode+Text.swift"; sourceTree = "<group>"; };
		B38F0A28207C0DA800263B3E /* PersonTableViewCell.swift */ = {isa = PBXFileReference; lastKnownFileType = sourcecode.swift; path = PersonTableViewCell.swift; sourceTree = "<group>"; };
		B38F0A2A207C120500263B3E /* ModelManager.swift */ = {isa = PBXFileReference; lastKnownFileType = sourcecode.swift; path = ModelManager.swift; sourceTree = "<group>"; };
		B38F0A2C207CBE8000263B3E /* PeopleTableViewController.swift */ = {isa = PBXFileReference; lastKnownFileType = sourcecode.swift; path = PeopleTableViewController.swift; sourceTree = "<group>"; };
		B395C106206D8847007DC8BF /* Faces.xcdatamodel */ = {isa = PBXFileReference; lastKnownFileType = wrapper.xcdatamodel; path = Faces.xcdatamodel; sourceTree = "<group>"; };
		B39ADD04206856FD007462EB /* StartScreenViewController.swift */ = {isa = PBXFileReference; lastKnownFileType = sourcecode.swift; path = StartScreenViewController.swift; sourceTree = "<group>"; };
		B39ADD0620695EF8007462EB /* CustomAnimationController.swift */ = {isa = PBXFileReference; lastKnownFileType = sourcecode.swift; path = CustomAnimationController.swift; sourceTree = "<group>"; };
		B3ADFE99206E6DE100B9DF28 /* Media.xcassets */ = {isa = PBXFileReference; lastKnownFileType = folder.assetcatalog; path = Media.xcassets; sourceTree = "<group>"; };
		B3C7A2E8209CF60F00B8FD86 /* PersonInfoManager.swift */ = {isa = PBXFileReference; lastKnownFileType = sourcecode.swift; path = PersonInfoManager.swift; sourceTree = "<group>"; };
		B3C7A2EA209CF6F100B8FD86 /* PersonInfo.swift */ = {isa = PBXFileReference; lastKnownFileType = sourcecode.swift; path = PersonInfo.swift; sourceTree = "<group>"; };
		B3C9E6CC206C10CC00B4EAB5 /* ModelSettingsTableViewController.swift */ = {isa = PBXFileReference; lastKnownFileType = sourcecode.swift; path = ModelSettingsTableViewController.swift; sourceTree = "<group>"; };
		B3C9E6CF206C3A3A00B4EAB5 /* CoreData.framework */ = {isa = PBXFileReference; lastKnownFileType = wrapper.framework; name = CoreData.framework; path = System/Library/Frameworks/CoreData.framework; sourceTree = SDKROOT; };
		B3DA1174208136A6003FDE2F /* AlertController.swift */ = {isa = PBXFileReference; lastKnownFileType = sourcecode.swift; path = AlertController.swift; sourceTree = "<group>"; };
		B3DA1176208137F5003FDE2F /* Alamofire.framework */ = {isa = PBXFileReference; explicitFileType = wrapper.framework; path = Alamofire.framework; sourceTree = BUILT_PRODUCTS_DIR; };
		B3F7877120A399AA00559ABA /* PersonDetailTableViewController.swift */ = {isa = PBXFileReference; lastKnownFileType = sourcecode.swift; path = PersonDetailTableViewController.swift; sourceTree = "<group>"; };
/* End PBXFileReference section */

/* Begin PBXFrameworksBuildPhase section */
		B3234B40203F7D9B0082142A /* Frameworks */ = {
			isa = PBXFrameworksBuildPhase;
			buildActionMask = 2147483647;
			files = (
				55F3B7E72DA74BE1A42C848E /* Pods_Faces.framework in Frameworks */,
			);
			runOnlyForDeploymentPostprocessing = 0;
		};
/* End PBXFrameworksBuildPhase section */

/* Begin PBXGroup section */
		06ABEA37723ECCCE6339F3A7 /* Frameworks */ = {
			isa = PBXGroup;
			children = (
				B3DA1176208137F5003FDE2F /* Alamofire.framework */,
				B3C9E6CF206C3A3A00B4EAB5 /* CoreData.framework */,
				9B7301C3F20227D5DF32F999 /* Pods_Faces.framework */,
			);
			name = Frameworks;
			sourceTree = "<group>";
		};
		92A5EA217973244707108E63 /* Pods */ = {
			isa = PBXGroup;
			children = (
				4153FBC092FC2F8DA867251D /* Pods-Faces.debug.xcconfig */,
				6DB245EB6BA62F8A04743208 /* Pods-Faces.release.xcconfig */,
			);
			name = Pods;
			sourceTree = "<group>";
		};
		B3234B3A203F7D9B0082142A = {
			isa = PBXGroup;
			children = (
				B3234B5A203F7E280082142A /* .gitignore */,
				B3234B45203F7D9B0082142A /* Faces */,
				B3234B44203F7D9B0082142A /* Products */,
				92A5EA217973244707108E63 /* Pods */,
				06ABEA37723ECCCE6339F3A7 /* Frameworks */,
			);
			sourceTree = "<group>";
		};
		B3234B44203F7D9B0082142A /* Products */ = {
			isa = PBXGroup;
			children = (
				B3234B43203F7D9B0082142A /* Faces.app */,
			);
			name = Products;
			sourceTree = "<group>";
		};
		B3234B45203F7D9B0082142A /* Faces */ = {
			isa = PBXGroup;
			children = (
				B392DFC22081256D007AD50A /* Swift */,
				B395C10B206D88F0007DC8BF /* Storyboards */,
				B395C109206D88CA007DC8BF /* CoreData */,
				B395C108206D88AE007DC8BF /* Resources */,
			);
			path = Faces;
			sourceTree = "<group>";
		};
		B3270CB9204094CA007A59A7 /* ViewControllers */ = {
			isa = PBXGroup;
			children = (
				B3C9E6CE206C10D200B4EAB5 /* Settings */,
				B39ADD04206856FD007462EB /* StartScreenViewController.swift */,
				B3270CB620409402007A59A7 /* CameraViewController.swift */,
			);
			path = ViewControllers;
			sourceTree = "<group>";
		};
		B35EF6022053FD2E00B9CBC5 /* Assets */ = {
			isa = PBXGroup;
			children = (
				B3ADFE99206E6DE100B9DF28 /* Media.xcassets */,
				B3234B48203F7D9B0082142A /* art.scnassets */,
			);
			path = Assets;
			sourceTree = "<group>";
		};
		B38C51D920591FD30019832B /* Extensions */ = {
			isa = PBXGroup;
			children = (
				B35EF60520548DE100B9CBC5 /* CIImage+FaceDetection.swift */,
				B38C51D620591FB40019832B /* SCNVector3+Distance.swift */,
				B38C51DA205920410019832B /* SCNNode+Text.swift */,
			);
			path = Extensions;
			sourceTree = "<group>";
		};
		B38F0A27207C0D6600263B3E /* People */ = {
			isa = PBXGroup;
			children = (
				B38F0A28207C0DA800263B3E /* PersonTableViewCell.swift */,
				B38F0A2C207CBE8000263B3E /* PeopleTableViewController.swift */,
				B3F7877120A399AA00559ABA /* PersonDetailTableViewController.swift */,
			);
			path = People;
			sourceTree = "<group>";
		};
		B392DFC22081256D007AD50A /* Swift */ = {
			isa = PBXGroup;
			children = (
				B3270CB9204094CA007A59A7 /* ViewControllers */,
				B3DA117320813692003FDE2F /* Frontend */,
				B392DFC320812663007AD50A /* Backend */,
				B38C51D920591FD30019832B /* Extensions */,
				B39ADD08206966C0007462EB /* TransitionAnimations */,
				B3234B46203F7D9B0082142A /* AppDelegate.swift */,
			);
			path = Swift;
			sourceTree = "<group>";
		};
		B392DFC320812663007AD50A /* Backend */ = {
			isa = PBXGroup;
			children = (
				B3270CBA204094F2007A59A7 /* Face.swift */,
				B38F0A2A207C120500263B3E /* ModelManager.swift */,
				B349B34620A2DF120091DD2C /* SettingsManager.swift */,
				B3C7A2E8209CF60F00B8FD86 /* PersonInfoManager.swift */,
				B3C7A2EA209CF6F100B8FD86 /* PersonInfo.swift */,
			);
			path = Backend;
			sourceTree = "<group>";
		};
		B395C108206D88AE007DC8BF /* Resources */ = {
			isa = PBXGroup;
			children = (
				B35EF6022053FD2E00B9CBC5 /* Assets */,
				B395C10A206D88D8007DC8BF /* Plist */,
			);
			path = Resources;
			sourceTree = "<group>";
		};
		B395C109206D88CA007DC8BF /* CoreData */ = {
			isa = PBXGroup;
			children = (
				B395C105206D8847007DC8BF /* Faces.xcdatamodeld */,
			);
			path = CoreData;
			sourceTree = "<group>";
		};
		B395C10A206D88D8007DC8BF /* Plist */ = {
			isa = PBXGroup;
			children = (
				B3234B54203F7D9B0082142A /* Info.plist */,
			);
			path = Plist;
			sourceTree = "<group>";
		};
		B395C10B206D88F0007DC8BF /* Storyboards */ = {
			isa = PBXGroup;
			children = (
				B3234B4C203F7D9B0082142A /* Main.storyboard */,
				B3234B51203F7D9B0082142A /* LaunchScreen.storyboard */,
			);
			path = Storyboards;
			sourceTree = "<group>";
		};
		B39ADD08206966C0007462EB /* TransitionAnimations */ = {
			isa = PBXGroup;
			children = (
				B39ADD0620695EF8007462EB /* CustomAnimationController.swift */,
			);
			path = TransitionAnimations;
			sourceTree = "<group>";
		};
		B3C9E6CE206C10D200B4EAB5 /* Settings */ = {
			isa = PBXGroup;
			children = (
				B38F0A27207C0D6600263B3E /* People */,
				B348EAA1206AEA98008D3D72 /* SettingsTableViewController.swift */,
				B3C9E6CC206C10CC00B4EAB5 /* ModelSettingsTableViewController.swift */,
			);
			path = Settings;
			sourceTree = "<group>";
		};
		B3DA117320813692003FDE2F /* Frontend */ = {
			isa = PBXGroup;
			children = (
				B3DA1174208136A6003FDE2F /* AlertController.swift */,
			);
			path = Frontend;
			sourceTree = "<group>";
		};
/* End PBXGroup section */

/* Begin PBXNativeTarget section */
		B3234B42203F7D9B0082142A /* Faces */ = {
			isa = PBXNativeTarget;
			buildConfigurationList = B3234B57203F7D9B0082142A /* Build configuration list for PBXNativeTarget "Faces" */;
			buildPhases = (
				D6DF48762EF5EA27B27F1F03 /* [CP] Check Pods Manifest.lock */,
				B3234B3F203F7D9B0082142A /* Sources */,
				B3234B40203F7D9B0082142A /* Frameworks */,
				B3234B41203F7D9B0082142A /* Resources */,
				847F52DD4682776D186CF7E7 /* [CP] Embed Pods Frameworks */,
			);
			buildRules = (
			);
			dependencies = (
			);
			name = Faces;
			productName = Faces;
			productReference = B3234B43203F7D9B0082142A /* Faces.app */;
			productType = "com.apple.product-type.application";
		};
/* End PBXNativeTarget section */

/* Begin PBXProject section */
		B3234B3B203F7D9B0082142A /* Project object */ = {
			isa = PBXProject;
			attributes = {
				LastSwiftUpdateCheck = 0920;
				LastUpgradeCheck = 0930;
				ORGANIZATIONNAME = "levin inc";
				TargetAttributes = {
					B3234B42203F7D9B0082142A = {
						CreatedOnToolsVersion = 9.2;
						ProvisioningStyle = Automatic;
					};
				};
			};
			buildConfigurationList = B3234B3E203F7D9B0082142A /* Build configuration list for PBXProject "Faces" */;
			compatibilityVersion = "Xcode 8.0";
			developmentRegion = en;
			hasScannedForEncodings = 0;
			knownRegions = (
				en,
				Base,
			);
			mainGroup = B3234B3A203F7D9B0082142A;
			productRefGroup = B3234B44203F7D9B0082142A /* Products */;
			projectDirPath = "";
			projectRoot = "";
			targets = (
				B3234B42203F7D9B0082142A /* Faces */,
			);
		};
/* End PBXProject section */

/* Begin PBXResourcesBuildPhase section */
		B3234B41203F7D9B0082142A /* Resources */ = {
			isa = PBXResourcesBuildPhase;
			buildActionMask = 2147483647;
			files = (
				B3ADFE9A206E6DE100B9DF28 /* Media.xcassets in Resources */,
				B3234B5B203F7E280082142A /* .gitignore in Resources */,
				B3234B49203F7D9B0082142A /* art.scnassets in Resources */,
				B3234B53203F7D9B0082142A /* LaunchScreen.storyboard in Resources */,
				B3234B4E203F7D9B0082142A /* Main.storyboard in Resources */,
			);
			runOnlyForDeploymentPostprocessing = 0;
		};
/* End PBXResourcesBuildPhase section */

/* Begin PBXShellScriptBuildPhase section */
		847F52DD4682776D186CF7E7 /* [CP] Embed Pods Frameworks */ = {
			isa = PBXShellScriptBuildPhase;
			buildActionMask = 2147483647;
			files = (
			);
			inputPaths = (
				"${SRCROOT}/Pods/Target Support Files/Pods-Faces/Pods-Faces-frameworks.sh",
				"${BUILT_PRODUCTS_DIR}/Alamofire/Alamofire.framework",
				"${BUILT_PRODUCTS_DIR}/AsyncSwift/Async.framework",
				"${BUILT_PRODUCTS_DIR}/PKHUD/PKHUD.framework",
				"${BUILT_PRODUCTS_DIR}/RxSwift/RxSwift.framework",
				"${BUILT_PRODUCTS_DIR}/SSZipArchive/SSZipArchive.framework",
			);
			name = "[CP] Embed Pods Frameworks";
			outputPaths = (
				"${TARGET_BUILD_DIR}/${FRAMEWORKS_FOLDER_PATH}/Alamofire.framework",
				"${TARGET_BUILD_DIR}/${FRAMEWORKS_FOLDER_PATH}/Async.framework",
				"${TARGET_BUILD_DIR}/${FRAMEWORKS_FOLDER_PATH}/PKHUD.framework",
				"${TARGET_BUILD_DIR}/${FRAMEWORKS_FOLDER_PATH}/RxSwift.framework",
				"${TARGET_BUILD_DIR}/${FRAMEWORKS_FOLDER_PATH}/SSZipArchive.framework",
			);
			runOnlyForDeploymentPostprocessing = 0;
			shellPath = /bin/sh;
			shellScript = "\"${SRCROOT}/Pods/Target Support Files/Pods-Faces/Pods-Faces-frameworks.sh\"\n";
			showEnvVarsInLog = 0;
		};
		D6DF48762EF5EA27B27F1F03 /* [CP] Check Pods Manifest.lock */ = {
			isa = PBXShellScriptBuildPhase;
			buildActionMask = 2147483647;
			files = (
			);
			inputPaths = (
				"${PODS_PODFILE_DIR_PATH}/Podfile.lock",
				"${PODS_ROOT}/Manifest.lock",
			);
			name = "[CP] Check Pods Manifest.lock";
			outputPaths = (
				"$(DERIVED_FILE_DIR)/Pods-Faces-checkManifestLockResult.txt",
			);
			runOnlyForDeploymentPostprocessing = 0;
			shellPath = /bin/sh;
			shellScript = "diff \"${PODS_PODFILE_DIR_PATH}/Podfile.lock\" \"${PODS_ROOT}/Manifest.lock\" > /dev/null\nif [ $? != 0 ] ; then\n    # print error to STDERR\n    echo \"error: The sandbox is not in sync with the Podfile.lock. Run 'pod install' or update your CocoaPods installation.\" >&2\n    exit 1\nfi\n# This output is used by Xcode 'outputs' to avoid re-running this script phase.\necho \"SUCCESS\" > \"${SCRIPT_OUTPUT_FILE_0}\"\n";
			showEnvVarsInLog = 0;
		};
/* End PBXShellScriptBuildPhase section */

/* Begin PBXSourcesBuildPhase section */
		B3234B3F203F7D9B0082142A /* Sources */ = {
			isa = PBXSourcesBuildPhase;
			buildActionMask = 2147483647;
			files = (
				B348EAA2206AEA98008D3D72 /* SettingsTableViewController.swift in Sources */,
				B38F0A2B207C120500263B3E /* ModelManager.swift in Sources */,
				B3C9E6CD206C10CC00B4EAB5 /* ModelSettingsTableViewController.swift in Sources */,
				B3270CB720409402007A59A7 /* CameraViewController.swift in Sources */,
				B3F7877220A399AA00559ABA /* PersonDetailTableViewController.swift in Sources */,
				B38F0A2D207CBE8000263B3E /* PeopleTableViewController.swift in Sources */,
				B3C7A2E9209CF60F00B8FD86 /* PersonInfoManager.swift in Sources */,
				B38C51DB205920410019832B /* SCNNode+Text.swift in Sources */,
				B38F0A29207C0DA800263B3E /* PersonTableViewCell.swift in Sources */,
				B349B34720A2DF120091DD2C /* SettingsManager.swift in Sources */,
				B3270CBB204094F2007A59A7 /* Face.swift in Sources */,
				B35EF60620548DE200B9CBC5 /* CIImage+FaceDetection.swift in Sources */,
				B395C107206D8847007DC8BF /* Faces.xcdatamodeld in Sources */,
				B3234B47203F7D9B0082142A /* AppDelegate.swift in Sources */,
				B38C51D720591FB40019832B /* SCNVector3+Distance.swift in Sources */,
				B3DA1175208136A6003FDE2F /* AlertController.swift in Sources */,
				B3C7A2EB209CF6F100B8FD86 /* PersonInfo.swift in Sources */,
				B39ADD05206856FD007462EB /* StartScreenViewController.swift in Sources */,
				B39ADD0720695EF8007462EB /* CustomAnimationController.swift in Sources */,
			);
			runOnlyForDeploymentPostprocessing = 0;
		};
/* End PBXSourcesBuildPhase section */

/* Begin PBXVariantGroup section */
		B3234B4C203F7D9B0082142A /* Main.storyboard */ = {
			isa = PBXVariantGroup;
			children = (
				B3234B4D203F7D9B0082142A /* Base */,
			);
			name = Main.storyboard;
			sourceTree = "<group>";
		};
		B3234B51203F7D9B0082142A /* LaunchScreen.storyboard */ = {
			isa = PBXVariantGroup;
			children = (
				B3234B52203F7D9B0082142A /* Base */,
			);
			name = LaunchScreen.storyboard;
			sourceTree = "<group>";
		};
/* End PBXVariantGroup section */

/* Begin XCBuildConfiguration section */
		B3234B55203F7D9B0082142A /* Debug */ = {
			isa = XCBuildConfiguration;
			buildSettings = {
				ALWAYS_SEARCH_USER_PATHS = NO;
				ASSETCATALOG_COMPILER_APPICON_NAME = AppIcon;
				CLANG_ANALYZER_NONNULL = YES;
				CLANG_ANALYZER_NUMBER_OBJECT_CONVERSION = YES_AGGRESSIVE;
				CLANG_CXX_LANGUAGE_STANDARD = "gnu++14";
				CLANG_CXX_LIBRARY = "libc++";
				CLANG_ENABLE_MODULES = YES;
				CLANG_ENABLE_OBJC_ARC = YES;
				CLANG_WARN_BLOCK_CAPTURE_AUTORELEASING = YES;
				CLANG_WARN_BOOL_CONVERSION = YES;
				CLANG_WARN_COMMA = YES;
				CLANG_WARN_CONSTANT_CONVERSION = YES;
				CLANG_WARN_DEPRECATED_OBJC_IMPLEMENTATIONS = YES;
				CLANG_WARN_DIRECT_OBJC_ISA_USAGE = YES_ERROR;
				CLANG_WARN_DOCUMENTATION_COMMENTS = YES;
				CLANG_WARN_EMPTY_BODY = YES;
				CLANG_WARN_ENUM_CONVERSION = YES;
				CLANG_WARN_INFINITE_RECURSION = YES;
				CLANG_WARN_INT_CONVERSION = YES;
				CLANG_WARN_NON_LITERAL_NULL_CONVERSION = YES;
				CLANG_WARN_OBJC_IMPLICIT_RETAIN_SELF = YES;
				CLANG_WARN_OBJC_LITERAL_CONVERSION = YES;
				CLANG_WARN_OBJC_ROOT_CLASS = YES_ERROR;
				CLANG_WARN_RANGE_LOOP_ANALYSIS = YES;
				CLANG_WARN_STRICT_PROTOTYPES = YES;
				CLANG_WARN_SUSPICIOUS_MOVE = YES;
				CLANG_WARN_UNGUARDED_AVAILABILITY = YES_AGGRESSIVE;
				CLANG_WARN_UNREACHABLE_CODE = YES;
				CLANG_WARN__DUPLICATE_METHOD_MATCH = YES;
				CODE_SIGN_IDENTITY = "iPhone Developer";
				COPY_PHASE_STRIP = NO;
				DEBUG_INFORMATION_FORMAT = dwarf;
				ENABLE_STRICT_OBJC_MSGSEND = YES;
				ENABLE_TESTABILITY = YES;
				FRAMEWORK_SEARCH_PATHS = "";
				GCC_C_LANGUAGE_STANDARD = gnu11;
				GCC_DYNAMIC_NO_PIC = NO;
				GCC_NO_COMMON_BLOCKS = YES;
				GCC_OPTIMIZATION_LEVEL = 0;
				GCC_PREPROCESSOR_DEFINITIONS = (
					"DEBUG=1",
					"$(inherited)",
				);
				GCC_WARN_64_TO_32_BIT_CONVERSION = YES;
				GCC_WARN_ABOUT_RETURN_TYPE = YES_ERROR;
				GCC_WARN_UNDECLARED_SELECTOR = YES;
				GCC_WARN_UNINITIALIZED_AUTOS = YES_AGGRESSIVE;
				GCC_WARN_UNUSED_FUNCTION = YES;
				GCC_WARN_UNUSED_VARIABLE = YES;
				HEADER_SEARCH_PATHS = "";
				IPHONEOS_DEPLOYMENT_TARGET = 11.2;
				MTL_ENABLE_DEBUG_INFO = YES;
				ONLY_ACTIVE_ARCH = YES;
				SDKROOT = iphoneos;
				SWIFT_ACTIVE_COMPILATION_CONDITIONS = DEBUG;
				SWIFT_OPTIMIZATION_LEVEL = "-Onone";
			};
			name = Debug;
		};
		B3234B56203F7D9B0082142A /* Release */ = {
			isa = XCBuildConfiguration;
			buildSettings = {
				ALWAYS_SEARCH_USER_PATHS = NO;
				ASSETCATALOG_COMPILER_APPICON_NAME = AppIcon;
				CLANG_ANALYZER_NONNULL = YES;
				CLANG_ANALYZER_NUMBER_OBJECT_CONVERSION = YES_AGGRESSIVE;
				CLANG_CXX_LANGUAGE_STANDARD = "gnu++14";
				CLANG_CXX_LIBRARY = "libc++";
				CLANG_ENABLE_MODULES = YES;
				CLANG_ENABLE_OBJC_ARC = YES;
				CLANG_WARN_BLOCK_CAPTURE_AUTORELEASING = YES;
				CLANG_WARN_BOOL_CONVERSION = YES;
				CLANG_WARN_COMMA = YES;
				CLANG_WARN_CONSTANT_CONVERSION = YES;
				CLANG_WARN_DEPRECATED_OBJC_IMPLEMENTATIONS = YES;
				CLANG_WARN_DIRECT_OBJC_ISA_USAGE = YES_ERROR;
				CLANG_WARN_DOCUMENTATION_COMMENTS = YES;
				CLANG_WARN_EMPTY_BODY = YES;
				CLANG_WARN_ENUM_CONVERSION = YES;
				CLANG_WARN_INFINITE_RECURSION = YES;
				CLANG_WARN_INT_CONVERSION = YES;
				CLANG_WARN_NON_LITERAL_NULL_CONVERSION = YES;
				CLANG_WARN_OBJC_IMPLICIT_RETAIN_SELF = YES;
				CLANG_WARN_OBJC_LITERAL_CONVERSION = YES;
				CLANG_WARN_OBJC_ROOT_CLASS = YES_ERROR;
				CLANG_WARN_RANGE_LOOP_ANALYSIS = YES;
				CLANG_WARN_STRICT_PROTOTYPES = YES;
				CLANG_WARN_SUSPICIOUS_MOVE = YES;
				CLANG_WARN_UNGUARDED_AVAILABILITY = YES_AGGRESSIVE;
				CLANG_WARN_UNREACHABLE_CODE = YES;
				CLANG_WARN__DUPLICATE_METHOD_MATCH = YES;
				CODE_SIGN_IDENTITY = "iPhone Developer";
				COPY_PHASE_STRIP = NO;
				DEBUG_INFORMATION_FORMAT = "dwarf-with-dsym";
				ENABLE_NS_ASSERTIONS = NO;
				ENABLE_STRICT_OBJC_MSGSEND = YES;
				FRAMEWORK_SEARCH_PATHS = "";
				GCC_C_LANGUAGE_STANDARD = gnu11;
				GCC_NO_COMMON_BLOCKS = YES;
				GCC_WARN_64_TO_32_BIT_CONVERSION = YES;
				GCC_WARN_ABOUT_RETURN_TYPE = YES_ERROR;
				GCC_WARN_UNDECLARED_SELECTOR = YES;
				GCC_WARN_UNINITIALIZED_AUTOS = YES_AGGRESSIVE;
				GCC_WARN_UNUSED_FUNCTION = YES;
				GCC_WARN_UNUSED_VARIABLE = YES;
				HEADER_SEARCH_PATHS = "";
				IPHONEOS_DEPLOYMENT_TARGET = 11.2;
				MTL_ENABLE_DEBUG_INFO = NO;
				SDKROOT = iphoneos;
				SWIFT_OPTIMIZATION_LEVEL = "-Owholemodule";
				VALIDATE_PRODUCT = YES;
			};
			name = Release;
		};
		B3234B58203F7D9B0082142A /* Debug */ = {
			isa = XCBuildConfiguration;
			baseConfigurationReference = 4153FBC092FC2F8DA867251D /* Pods-Faces.debug.xcconfig */;
			buildSettings = {
				CODE_SIGN_STYLE = Automatic;
				DEVELOPMENT_TEAM = LR84PD4583;
				INFOPLIST_FILE = "$(SRCROOT)/Faces/Resources/Plist/Info.plist";
				LD_RUNPATH_SEARCH_PATHS = "$(inherited) @executable_path/Frameworks";
				PRODUCT_BUNDLE_IDENTIFIER = com.levin.Faces;
				PRODUCT_NAME = "$(TARGET_NAME)";
				SWIFT_VERSION = 4.0;
				TARGETED_DEVICE_FAMILY = "1,2";
			};
			name = Debug;
		};
		B3234B59203F7D9B0082142A /* Release */ = {
			isa = XCBuildConfiguration;
			baseConfigurationReference = 6DB245EB6BA62F8A04743208 /* Pods-Faces.release.xcconfig */;
			buildSettings = {
				CODE_SIGN_STYLE = Automatic;
				DEVELOPMENT_TEAM = LR84PD4583;
				INFOPLIST_FILE = "$(SRCROOT)/Faces/Resources/Plist/Info.plist";
				LD_RUNPATH_SEARCH_PATHS = "$(inherited) @executable_path/Frameworks";
				PRODUCT_BUNDLE_IDENTIFIER = com.levin.Faces;
				PRODUCT_NAME = "$(TARGET_NAME)";
				SWIFT_VERSION = 4.0;
				TARGETED_DEVICE_FAMILY = "1,2";
			};
			name = Release;
		};
/* End XCBuildConfiguration section */

/* Begin XCConfigurationList section */
		B3234B3E203F7D9B0082142A /* Build configuration list for PBXProject "Faces" */ = {
			isa = XCConfigurationList;
			buildConfigurations = (
				B3234B55203F7D9B0082142A /* Debug */,
				B3234B56203F7D9B0082142A /* Release */,
			);
			defaultConfigurationIsVisible = 0;
			defaultConfigurationName = Release;
		};
		B3234B57203F7D9B0082142A /* Build configuration list for PBXNativeTarget "Faces" */ = {
			isa = XCConfigurationList;
			buildConfigurations = (
				B3234B58203F7D9B0082142A /* Debug */,
				B3234B59203F7D9B0082142A /* Release */,
			);
			defaultConfigurationIsVisible = 0;
			defaultConfigurationName = Release;
		};
/* End XCConfigurationList section */

/* Begin XCVersionGroup section */
		B395C105206D8847007DC8BF /* Faces.xcdatamodeld */ = {
			isa = XCVersionGroup;
			children = (
				B395C106206D8847007DC8BF /* Faces.xcdatamodel */,
			);
			currentVersion = B395C106206D8847007DC8BF /* Faces.xcdatamodel */;
			path = Faces.xcdatamodeld;
			sourceTree = "<group>";
			versionGroupType = wrapper.xcdatamodel;
		};
/* End XCVersionGroup section */
	};
	rootObject = B3234B3B203F7D9B0082142A /* Project object */;
}
