// !$*UTF8*$!
{
	archiveVersion = 1;
	classes = {
	};
	objectVersion = 48;
	objects = {

/* Begin PBXBuildFile section */
		55F3B7E72DA74BE1A42C848E /* Pods_Faces.framework in Frameworks */ = {isa = PBXBuildFile; fileRef = 9B7301C3F20227D5DF32F999 /* Pods_Faces.framework */; };
		B3234B47203F7D9B0082142A /* AppDelegate.swift in Sources */ = {isa = PBXBuildFile; fileRef = B3234B46203F7D9B0082142A /* AppDelegate.swift */; };
		B3234B49203F7D9B0082142A /* art.scnassets in Resources */ = {isa = PBXBuildFile; fileRef = B3234B48203F7D9B0082142A /* art.scnassets */; };
		B3234B4E203F7D9B0082142A /* Main.storyboard in Resources */ = {isa = PBXBuildFile; fileRef = B3234B4C203F7D9B0082142A /* Main.storyboard */; };
		B3234B50203F7D9B0082142A /* Assets.xcassets in Resources */ = {isa = PBXBuildFile; fileRef = B3234B4F203F7D9B0082142A /* Assets.xcassets */; };
		B3234B53203F7D9B0082142A /* LaunchScreen.storyboard in Resources */ = {isa = PBXBuildFile; fileRef = B3234B51203F7D9B0082142A /* LaunchScreen.storyboard */; };
		B3234B5B203F7E280082142A /* .gitignore in Resources */ = {isa = PBXBuildFile; fileRef = B3234B5A203F7E280082142A /* .gitignore */; };
		B3270CB720409402007A59A7 /* CameraViewController.swift in Sources */ = {isa = PBXBuildFile; fileRef = B3270CB620409402007A59A7 /* CameraViewController.swift */; };
		B3270CBB204094F2007A59A7 /* Face.swift in Sources */ = {isa = PBXBuildFile; fileRef = B3270CBA204094F2007A59A7 /* Face.swift */; };
		B33BDEB7205C641B00095AE9 /* UIDeviceOrientation.swift in Sources */ = {isa = PBXBuildFile; fileRef = B33BDEB6205C641B00095AE9 /* UIDeviceOrientation.swift */; };
		B35EF60620548DE200B9CBC5 /* CIImage+FaceDetection.swift in Sources */ = {isa = PBXBuildFile; fileRef = B35EF60520548DE100B9CBC5 /* CIImage+FaceDetection.swift */; };
		B38C51D720591FB40019832B /* SCNVector3+Distance.swift in Sources */ = {isa = PBXBuildFile; fileRef = B38C51D620591FB40019832B /* SCNVector3+Distance.swift */; };
		B38C51DB205920410019832B /* SCNNode+Text.swift in Sources */ = {isa = PBXBuildFile; fileRef = B38C51DA205920410019832B /* SCNNode+Text.swift */; };
		B38C51DF20593F4D0019832B /* faces_model.mlmodel in Sources */ = {isa = PBXBuildFile; fileRef = B38C51DE20593F4D0019832B /* faces_model.mlmodel */; };
/* End PBXBuildFile section */

/* Begin PBXFileReference section */
		4153FBC092FC2F8DA867251D /* Pods-Faces.debug.xcconfig */ = {isa = PBXFileReference; includeInIndex = 1; lastKnownFileType = text.xcconfig; name = "Pods-Faces.debug.xcconfig"; path = "Pods/Target Support Files/Pods-Faces/Pods-Faces.debug.xcconfig"; sourceTree = "<group>"; };
		6DB245EB6BA62F8A04743208 /* Pods-Faces.release.xcconfig */ = {isa = PBXFileReference; includeInIndex = 1; lastKnownFileType = text.xcconfig; name = "Pods-Faces.release.xcconfig"; path = "Pods/Target Support Files/Pods-Faces/Pods-Faces.release.xcconfig"; sourceTree = "<group>"; };
		9B7301C3F20227D5DF32F999 /* Pods_Faces.framework */ = {isa = PBXFileReference; explicitFileType = wrapper.framework; includeInIndex = 0; path = Pods_Faces.framework; sourceTree = BUILT_PRODUCTS_DIR; };
		B3234B43203F7D9B0082142A /* Faces.app */ = {isa = PBXFileReference; explicitFileType = wrapper.application; includeInIndex = 0; path = Faces.app; sourceTree = BUILT_PRODUCTS_DIR; };
		B3234B46203F7D9B0082142A /* AppDelegate.swift */ = {isa = PBXFileReference; lastKnownFileType = sourcecode.swift; path = AppDelegate.swift; sourceTree = "<group>"; };
		B3234B48203F7D9B0082142A /* art.scnassets */ = {isa = PBXFileReference; lastKnownFileType = wrapper.scnassets; path = art.scnassets; sourceTree = "<group>"; };
		B3234B4D203F7D9B0082142A /* Base */ = {isa = PBXFileReference; lastKnownFileType = file.storyboard; name = Base; path = Base.lproj/Main.storyboard; sourceTree = "<group>"; };
		B3234B4F203F7D9B0082142A /* Assets.xcassets */ = {isa = PBXFileReference; lastKnownFileType = folder.assetcatalog; path = Assets.xcassets; sourceTree = "<group>"; };
		B3234B52203F7D9B0082142A /* Base */ = {isa = PBXFileReference; lastKnownFileType = file.storyboard; name = Base; path = Base.lproj/LaunchScreen.storyboard; sourceTree = "<group>"; };
		B3234B54203F7D9B0082142A /* Info.plist */ = {isa = PBXFileReference; lastKnownFileType = text.plist.xml; path = Info.plist; sourceTree = "<group>"; };
		B3234B5A203F7E280082142A /* .gitignore */ = {isa = PBXFileReference; lastKnownFileType = text; path = .gitignore; sourceTree = "<group>"; };
		B3270CB620409402007A59A7 /* CameraViewController.swift */ = {isa = PBXFileReference; lastKnownFileType = sourcecode.swift; path = CameraViewController.swift; sourceTree = "<group>"; };
		B3270CBA204094F2007A59A7 /* Face.swift */ = {isa = PBXFileReference; lastKnownFileType = sourcecode.swift; path = Face.swift; sourceTree = "<group>"; };
		B33BDEB6205C641B00095AE9 /* UIDeviceOrientation.swift */ = {isa = PBXFileReference; lastKnownFileType = sourcecode.swift; path = UIDeviceOrientation.swift; sourceTree = "<group>"; };
		B35EF60520548DE100B9CBC5 /* CIImage+FaceDetection.swift */ = {isa = PBXFileReference; lastKnownFileType = sourcecode.swift; path = "CIImage+FaceDetection.swift"; sourceTree = "<group>"; };
		B38C51D620591FB40019832B /* SCNVector3+Distance.swift */ = {isa = PBXFileReference; lastKnownFileType = sourcecode.swift; path = "SCNVector3+Distance.swift"; sourceTree = "<group>"; };
		B38C51DA205920410019832B /* SCNNode+Text.swift */ = {isa = PBXFileReference; lastKnownFileType = sourcecode.swift; path = "SCNNode+Text.swift"; sourceTree = "<group>"; };
		B38C51DE20593F4D0019832B /* faces_model.mlmodel */ = {isa = PBXFileReference; lastKnownFileType = file.mlmodel; path = faces_model.mlmodel; sourceTree = "<group>"; };
/* End PBXFileReference section */

/* Begin PBXFrameworksBuildPhase section */
		B3234B40203F7D9B0082142A /* Frameworks */ = {
			isa = PBXFrameworksBuildPhase;
			buildActionMask = 2147483647;
			files = (
				55F3B7E72DA74BE1A42C848E /* Pods_Faces.framework in Frameworks */,
			);
			runOnlyForDeploymentPostprocessing = 0;
		};
/* End PBXFrameworksBuildPhase section */

/* Begin PBXGroup section */
		06ABEA37723ECCCE6339F3A7 /* Frameworks */ = {
			isa = PBXGroup;
			children = (
				9B7301C3F20227D5DF32F999 /* Pods_Faces.framework */,
			);
			name = Frameworks;
			sourceTree = "<group>";
		};
		92A5EA217973244707108E63 /* Pods */ = {
			isa = PBXGroup;
			children = (
				4153FBC092FC2F8DA867251D /* Pods-Faces.debug.xcconfig */,
				6DB245EB6BA62F8A04743208 /* Pods-Faces.release.xcconfig */,
			);
			name = Pods;
			sourceTree = "<group>";
		};
		B3234B3A203F7D9B0082142A = {
			isa = PBXGroup;
			children = (
				B3234B5A203F7E280082142A /* .gitignore */,
				B3234B45203F7D9B0082142A /* Faces */,
				B3234B44203F7D9B0082142A /* Products */,
				92A5EA217973244707108E63 /* Pods */,
				06ABEA37723ECCCE6339F3A7 /* Frameworks */,
			);
			sourceTree = "<group>";
		};
		B3234B44203F7D9B0082142A /* Products */ = {
			isa = PBXGroup;
			children = (
				B3234B43203F7D9B0082142A /* Faces.app */,
			);
			name = Products;
			sourceTree = "<group>";
		};
		B3234B45203F7D9B0082142A /* Faces */ = {
			isa = PBXGroup;
			children = (
				B38C51DE20593F4D0019832B /* faces_model.mlmodel */,
				B35EF6022053FD2E00B9CBC5 /* Assets */,
				B38C51D920591FD30019832B /* Extensions */,
				B3270CB9204094CA007A59A7 /* ViewControllers */,
				B3234B46203F7D9B0082142A /* AppDelegate.swift */,
				B3270CBA204094F2007A59A7 /* Face.swift */,
			);
			path = Faces;
			sourceTree = "<group>";
		};
		B3270CB9204094CA007A59A7 /* ViewControllers */ = {
			isa = PBXGroup;
			children = (
				B3270CB620409402007A59A7 /* CameraViewController.swift */,
			);
			path = ViewControllers;
			sourceTree = "<group>";
		};
		B35EF6022053FD2E00B9CBC5 /* Assets */ = {
			isa = PBXGroup;
			children = (
				B3234B48203F7D9B0082142A /* art.scnassets */,
				B3234B4C203F7D9B0082142A /* Main.storyboard */,
				B3234B4F203F7D9B0082142A /* Assets.xcassets */,
				B3234B51203F7D9B0082142A /* LaunchScreen.storyboard */,
				B3234B54203F7D9B0082142A /* Info.plist */,
			);
			path = Assets;
			sourceTree = "<group>";
		};
		B38C51D920591FD30019832B /* Extensions */ = {
			isa = PBXGroup;
			children = (
				B35EF60520548DE100B9CBC5 /* CIImage+FaceDetection.swift */,
				B38C51D620591FB40019832B /* SCNVector3+Distance.swift */,
				B38C51DA205920410019832B /* SCNNode+Text.swift */,
				B33BDEB6205C641B00095AE9 /* UIDeviceOrientation.swift */,
			);
			path = Extensions;
			sourceTree = "<group>";
		};
/* End PBXGroup section */

/* Begin PBXNativeTarget section */
		B3234B42203F7D9B0082142A /* Faces */ = {
			isa = PBXNativeTarget;
			buildConfigurationList = B3234B57203F7D9B0082142A /* Build configuration list for PBXNativeTarget "Faces" */;
			buildPhases = (
				D6DF48762EF5EA27B27F1F03 /* [CP] Check Pods Manifest.lock */,
				B3234B3F203F7D9B0082142A /* Sources */,
				B3234B40203F7D9B0082142A /* Frameworks */,
				B3234B41203F7D9B0082142A /* Resources */,
				847F52DD4682776D186CF7E7 /* [CP] Embed Pods Frameworks */,
				DC97643D32408275C6189003 /* [CP] Copy Pods Resources */,
			);
			buildRules = (
			);
			dependencies = (
			);
			name = Faces;
			productName = Faces;
			productReference = B3234B43203F7D9B0082142A /* Faces.app */;
			productType = "com.apple.product-type.application";
		};
/* End PBXNativeTarget section */

/* Begin PBXProject section */
		B3234B3B203F7D9B0082142A /* Project object */ = {
			isa = PBXProject;
			attributes = {
				LastSwiftUpdateCheck = 0920;
				LastUpgradeCheck = 0920;
				ORGANIZATIONNAME = "levin inc";
				TargetAttributes = {
					B3234B42203F7D9B0082142A = {
						CreatedOnToolsVersion = 9.2;
						ProvisioningStyle = Automatic;
					};
				};
			};
			buildConfigurationList = B3234B3E203F7D9B0082142A /* Build configuration list for PBXProject "Faces" */;
			compatibilityVersion = "Xcode 8.0";
			developmentRegion = en;
			hasScannedForEncodings = 0;
			knownRegions = (
				en,
				Base,
			);
			mainGroup = B3234B3A203F7D9B0082142A;
			productRefGroup = B3234B44203F7D9B0082142A /* Products */;
			projectDirPath = "";
			projectRoot = "";
			targets = (
				B3234B42203F7D9B0082142A /* Faces */,
			);
		};
/* End PBXProject section */

/* Begin PBXResourcesBuildPhase section */
		B3234B41203F7D9B0082142A /* Resources */ = {
			isa = PBXResourcesBuildPhase;
			buildActionMask = 2147483647;
			files = (
				B3234B5B203F7E280082142A /* .gitignore in Resources */,
				B3234B49203F7D9B0082142A /* art.scnassets in Resources */,
				B3234B53203F7D9B0082142A /* LaunchScreen.storyboard in Resources */,
				B3234B50203F7D9B0082142A /* Assets.xcassets in Resources */,
				B3234B4E203F7D9B0082142A /* Main.storyboard in Resources */,
			);
			runOnlyForDeploymentPostprocessing = 0;
		};
/* End PBXResourcesBuildPhase section */

/* Begin PBXShellScriptBuildPhase section */
		847F52DD4682776D186CF7E7 /* [CP] Embed Pods Frameworks */ = {
			isa = PBXShellScriptBuildPhase;
			buildActionMask = 2147483647;
			files = (
			);
			inputPaths = (
				"${SRCROOT}/Pods/Target Support Files/Pods-Faces/Pods-Faces-frameworks.sh",
				"${BUILT_PRODUCTS_DIR}/AsyncSwift/Async.framework",
				"${BUILT_PRODUCTS_DIR}/PKHUD/PKHUD.framework",
				"${BUILT_PRODUCTS_DIR}/RxSwift/RxSwift.framework",
			);
			name = "[CP] Embed Pods Frameworks";
			outputPaths = (
				"${TARGET_BUILD_DIR}/${FRAMEWORKS_FOLDER_PATH}/Async.framework",
				"${TARGET_BUILD_DIR}/${FRAMEWORKS_FOLDER_PATH}/PKHUD.framework",
				"${TARGET_BUILD_DIR}/${FRAMEWORKS_FOLDER_PATH}/RxSwift.framework",
			);
			runOnlyForDeploymentPostprocessing = 0;
			shellPath = /bin/sh;
			shellScript = "\"${SRCROOT}/Pods/Target Support Files/Pods-Faces/Pods-Faces-frameworks.sh\"\n";
			showEnvVarsInLog = 0;
		};
		D6DF48762EF5EA27B27F1F03 /* [CP] Check Pods Manifest.lock */ = {
			isa = PBXShellScriptBuildPhase;
			buildActionMask = 2147483647;
			files = (
			);
			inputPaths = (
				"${PODS_PODFILE_DIR_PATH}/Podfile.lock",
				"${PODS_ROOT}/Manifest.lock",
			);
			name = "[CP] Check Pods Manifest.lock";
			outputPaths = (
				"$(DERIVED_FILE_DIR)/Pods-Faces-checkManifestLockResult.txt",
			);
			runOnlyForDeploymentPostprocessing = 0;
			shellPath = /bin/sh;
			shellScript = "diff \"${PODS_PODFILE_DIR_PATH}/Podfile.lock\" \"${PODS_ROOT}/Manifest.lock\" > /dev/null\nif [ $? != 0 ] ; then\n    # print error to STDERR\n    echo \"error: The sandbox is not in sync with the Podfile.lock. Run 'pod install' or update your CocoaPods installation.\" >&2\n    exit 1\nfi\n# This output is used by Xcode 'outputs' to avoid re-running this script phase.\necho \"SUCCESS\" > \"${SCRIPT_OUTPUT_FILE_0}\"\n";
			showEnvVarsInLog = 0;
		};
		DC97643D32408275C6189003 /* [CP] Copy Pods Resources */ = {
			isa = PBXShellScriptBuildPhase;
			buildActionMask = 2147483647;
			files = (
			);
			inputPaths = (
			);
			name = "[CP] Copy Pods Resources";
			outputPaths = (
			);
			runOnlyForDeploymentPostprocessing = 0;
			shellPath = /bin/sh;
			shellScript = "\"${SRCROOT}/Pods/Target Support Files/Pods-Faces/Pods-Faces-resources.sh\"\n";
			showEnvVarsInLog = 0;
		};
/* End PBXShellScriptBuildPhase section */

/* Begin PBXSourcesBuildPhase section */
		B3234B3F203F7D9B0082142A /* Sources */ = {
			isa = PBXSourcesBuildPhase;
			buildActionMask = 2147483647;
			files = (
				B3270CB720409402007A59A7 /* CameraViewController.swift in Sources */,
				B38C51DB205920410019832B /* SCNNode+Text.swift in Sources */,
				B3270CBB204094F2007A59A7 /* Face.swift in Sources */,
				B35EF60620548DE200B9CBC5 /* CIImage+FaceDetection.swift in Sources */,
				B3234B47203F7D9B0082142A /* AppDelegate.swift in Sources */,
				B38C51DF20593F4D0019832B /* faces_model.mlmodel in Sources */,
				B33BDEB7205C641B00095AE9 /* UIDeviceOrientation.swift in Sources */,
				B38C51D720591FB40019832B /* SCNVector3+Distance.swift in Sources */,
			);
			runOnlyForDeploymentPostprocessing = 0;
		};
/* End PBXSourcesBuildPhase section */

/* Begin PBXVariantGroup section */
		B3234B4C203F7D9B0082142A /* Main.storyboard */ = {
			isa = PBXVariantGroup;
			children = (
				B3234B4D203F7D9B0082142A /* Base */,
			);
			name = Main.storyboard;
			sourceTree = "<group>";
		};
		B3234B51203F7D9B0082142A /* LaunchScreen.storyboard */ = {
			isa = PBXVariantGroup;
			children = (
				B3234B52203F7D9B0082142A /* Base */,
			);
			name = LaunchScreen.storyboard;
			sourceTree = "<group>";
		};
/* End PBXVariantGroup section */

/* Begin XCBuildConfiguration section */
		B3234B55203F7D9B0082142A /* Debug */ = {
			isa = XCBuildConfiguration;
			buildSettings = {
				ALWAYS_SEARCH_USER_PATHS = NO;
				CLANG_ANALYZER_NONNULL = YES;
				CLANG_ANALYZER_NUMBER_OBJECT_CONVERSION = YES_AGGRESSIVE;
				CLANG_CXX_LANGUAGE_STANDARD = "gnu++14";
				CLANG_CXX_LIBRARY = "libc++";
				CLANG_ENABLE_MODULES = YES;
				CLANG_ENABLE_OBJC_ARC = YES;
				CLANG_WARN_BLOCK_CAPTURE_AUTORELEASING = YES;
				CLANG_WARN_BOOL_CONVERSION = YES;
				CLANG_WARN_COMMA = YES;
				CLANG_WARN_CONSTANT_CONVERSION = YES;
				CLANG_WARN_DIRECT_OBJC_ISA_USAGE = YES_ERROR;
				CLANG_WARN_DOCUMENTATION_COMMENTS = YES;
				CLANG_WARN_EMPTY_BODY = YES;
				CLANG_WARN_ENUM_CONVERSION = YES;
				CLANG_WARN_INFINITE_RECURSION = YES;
				CLANG_WARN_INT_CONVERSION = YES;
				CLANG_WARN_NON_LITERAL_NULL_CONVERSION = YES;
				CLANG_WARN_OBJC_LITERAL_CONVERSION = YES;
				CLANG_WARN_OBJC_ROOT_CLASS = YES_ERROR;
				CLANG_WARN_RANGE_LOOP_ANALYSIS = YES;
				CLANG_WARN_STRICT_PROTOTYPES = YES;
				CLANG_WARN_SUSPICIOUS_MOVE = YES;
				CLANG_WARN_UNGUARDED_AVAILABILITY = YES_AGGRESSIVE;
				CLANG_WARN_UNREACHABLE_CODE = YES;
				CLANG_WARN__DUPLICATE_METHOD_MATCH = YES;
				CODE_SIGN_IDENTITY = "iPhone Developer";
				COPY_PHASE_STRIP = NO;
				DEBUG_INFORMATION_FORMAT = dwarf;
				ENABLE_STRICT_OBJC_MSGSEND = YES;
				ENABLE_TESTABILITY = YES;
				GCC_C_LANGUAGE_STANDARD = gnu11;
				GCC_DYNAMIC_NO_PIC = NO;
				GCC_NO_COMMON_BLOCKS = YES;
				GCC_OPTIMIZATION_LEVEL = 0;
				GCC_PREPROCESSOR_DEFINITIONS = (
					"DEBUG=1",
					"$(inherited)",
				);
				GCC_WARN_64_TO_32_BIT_CONVERSION = YES;
				GCC_WARN_ABOUT_RETURN_TYPE = YES_ERROR;
				GCC_WARN_UNDECLARED_SELECTOR = YES;
				GCC_WARN_UNINITIALIZED_AUTOS = YES_AGGRESSIVE;
				GCC_WARN_UNUSED_FUNCTION = YES;
				GCC_WARN_UNUSED_VARIABLE = YES;
				IPHONEOS_DEPLOYMENT_TARGET = 11.2;
				MTL_ENABLE_DEBUG_INFO = YES;
				ONLY_ACTIVE_ARCH = YES;
				SDKROOT = iphoneos;
				SWIFT_ACTIVE_COMPILATION_CONDITIONS = DEBUG;
				SWIFT_OPTIMIZATION_LEVEL = "-Onone";
			};
			name = Debug;
		};
		B3234B56203F7D9B0082142A /* Release */ = {
			isa = XCBuildConfiguration;
			buildSettings = {
				ALWAYS_SEARCH_USER_PATHS = NO;
				CLANG_ANALYZER_NONNULL = YES;
				CLANG_ANALYZER_NUMBER_OBJECT_CONVERSION = YES_AGGRESSIVE;
				CLANG_CXX_LANGUAGE_STANDARD = "gnu++14";
				CLANG_CXX_LIBRARY = "libc++";
				CLANG_ENABLE_MODULES = YES;
				CLANG_ENABLE_OBJC_ARC = YES;
				CLANG_WARN_BLOCK_CAPTURE_AUTORELEASING = YES;
				CLANG_WARN_BOOL_CONVERSION = YES;
				CLANG_WARN_COMMA = YES;
				CLANG_WARN_CONSTANT_CONVERSION = YES;
				CLANG_WARN_DIRECT_OBJC_ISA_USAGE = YES_ERROR;
				CLANG_WARN_DOCUMENTATION_COMMENTS = YES;
				CLANG_WARN_EMPTY_BODY = YES;
				CLANG_WARN_ENUM_CONVERSION = YES;
				CLANG_WARN_INFINITE_RECURSION = YES;
				CLANG_WARN_INT_CONVERSION = YES;
				CLANG_WARN_NON_LITERAL_NULL_CONVERSION = YES;
				CLANG_WARN_OBJC_LITERAL_CONVERSION = YES;
				CLANG_WARN_OBJC_ROOT_CLASS = YES_ERROR;
				CLANG_WARN_RANGE_LOOP_ANALYSIS = YES;
				CLANG_WARN_STRICT_PROTOTYPES = YES;
				CLANG_WARN_SUSPICIOUS_MOVE = YES;
				CLANG_WARN_UNGUARDED_AVAILABILITY = YES_AGGRESSIVE;
				CLANG_WARN_UNREACHABLE_CODE = YES;
				CLANG_WARN__DUPLICATE_METHOD_MATCH = YES;
				CODE_SIGN_IDENTITY = "iPhone Developer";
				COPY_PHASE_STRIP = NO;
				DEBUG_INFORMATION_FORMAT = "dwarf-with-dsym";
				ENABLE_NS_ASSERTIONS = NO;
				ENABLE_STRICT_OBJC_MSGSEND = YES;
				GCC_C_LANGUAGE_STANDARD = gnu11;
				GCC_NO_COMMON_BLOCKS = YES;
				GCC_WARN_64_TO_32_BIT_CONVERSION = YES;
				GCC_WARN_ABOUT_RETURN_TYPE = YES_ERROR;
				GCC_WARN_UNDECLARED_SELECTOR = YES;
				GCC_WARN_UNINITIALIZED_AUTOS = YES_AGGRESSIVE;
				GCC_WARN_UNUSED_FUNCTION = YES;
				GCC_WARN_UNUSED_VARIABLE = YES;
				IPHONEOS_DEPLOYMENT_TARGET = 11.2;
				MTL_ENABLE_DEBUG_INFO = NO;
				SDKROOT = iphoneos;
				SWIFT_OPTIMIZATION_LEVEL = "-Owholemodule";
				VALIDATE_PRODUCT = YES;
			};
			name = Release;
		};
		B3234B58203F7D9B0082142A /* Debug */ = {
			isa = XCBuildConfiguration;
			baseConfigurationReference = 4153FBC092FC2F8DA867251D /* Pods-Faces.debug.xcconfig */;
			buildSettings = {
				ASSETCATALOG_COMPILER_APPICON_NAME = AppIcon;
				CODE_SIGN_STYLE = Automatic;
				DEVELOPMENT_TEAM = LR84PD4583;
				INFOPLIST_FILE = "$(SRCROOT)/Faces/Assets/Info.plist";
				LD_RUNPATH_SEARCH_PATHS = "$(inherited) @executable_path/Frameworks";
				PRODUCT_BUNDLE_IDENTIFIER = com.levin.Faces;
				PRODUCT_NAME = "$(TARGET_NAME)";
				SWIFT_VERSION = 4.0;
				TARGETED_DEVICE_FAMILY = "1,2";
			};
			name = Debug;
		};
		B3234B59203F7D9B0082142A /* Release */ = {
			isa = XCBuildConfiguration;
			baseConfigurationReference = 6DB245EB6BA62F8A04743208 /* Pods-Faces.release.xcconfig */;
			buildSettings = {
				ASSETCATALOG_COMPILER_APPICON_NAME = AppIcon;
				CODE_SIGN_STYLE = Automatic;
				DEVELOPMENT_TEAM = LR84PD4583;
				INFOPLIST_FILE = "$(SRCROOT)/Faces/Assets/Info.plist";
				LD_RUNPATH_SEARCH_PATHS = "$(inherited) @executable_path/Frameworks";
				PRODUCT_BUNDLE_IDENTIFIER = com.levin.Faces;
				PRODUCT_NAME = "$(TARGET_NAME)";
				SWIFT_VERSION = 4.0;
				TARGETED_DEVICE_FAMILY = "1,2";
			};
			name = Release;
		};
/* End XCBuildConfiguration section */

/* Begin XCConfigurationList section */
		B3234B3E203F7D9B0082142A /* Build configuration list for PBXProject "Faces" */ = {
			isa = XCConfigurationList;
			buildConfigurations = (
				B3234B55203F7D9B0082142A /* Debug */,
				B3234B56203F7D9B0082142A /* Release */,
			);
			defaultConfigurationIsVisible = 0;
			defaultConfigurationName = Release;
		};
		B3234B57203F7D9B0082142A /* Build configuration list for PBXNativeTarget "Faces" */ = {
			isa = XCConfigurationList;
			buildConfigurations = (
				B3234B58203F7D9B0082142A /* Debug */,
				B3234B59203F7D9B0082142A /* Release */,
			);
			defaultConfigurationIsVisible = 0;
			defaultConfigurationName = Release;
		};
/* End XCConfigurationList section */
	};
	rootObject = B3234B3B203F7D9B0082142A /* Project object */;
}
